
Microsoft Visual Studio Solution File, Format Version 12.00
# Visual Studio Version 16
VisualStudioVersion = 16.0.30804.86
MinimumVisualStudioVersion = 15.0.26124.0
Project("{FAE04EC0-301F-11D3-BF4B-00C04F79EFBC}") = "AdminLTE.MVC", "AdminLTE.MVC\AdminLTE.MVC.csproj", "{F706761A-5D0F-4245-B43C-2944735740EA}"
EndProject
Global
	GlobalSection(SolutionConfigurationPlatforms) = preSolution
		Debug|Any CPU = Debug|Any CPU
		Debug|x64 = Debug|x64
		Debug|x86 = Debug|x86
		Release|Any CPU = Release|Any CPU
		Release|x64 = Release|x64
		Release|x86 = Release|x86
	EndGlobalSection
	GlobalSection(ProjectConfigurationPlatforms) = postSolution
		{F706761A-5D0F-4245-B43C-2944735740EA}.Debug|Any CPU.ActiveCfg = Debug|Any CPU
		{F706761A-5D0F-4245-B43C-2944735740EA}.Debug|Any CPU.Build.0 = Debug|Any CPU
		{F706761A-5D0F-4245-B43C-2944735740EA}.Debug|x64.ActiveCfg = Debug|Any CPU
		{F706761A-5D0F-4245-B43C-2944735740EA}.Debug|x64.Build.0 = Debug|Any CPU
		{F706761A-5D0F-4245-B43C-2944735740EA}.Debug|x86.ActiveCfg = Debug|Any CPU
		{F706761A-5D0F-4245-B43C-2944735740EA}.Debug|x86.Build.0 = Debug|Any CPU
		{F706761A-5D0F-4245-B43C-2944735740EA}.Release|Any CPU.ActiveCfg = Release|Any CPU
		{F706761A-5D0F-4245-B43C-2944735740EA}.Release|Any CPU.Build.0 = Release|Any CPU
		{F706761A-5D0F-4245-B43C-2944735740EA}.Release|x64.ActiveCfg = Release|Any CPU
		{F706761A-5D0F-4245-B43C-2944735740EA}.Release|x64.Build.0 = Release|Any CPU
		{F706761A-5D0F-4245-B43C-2944735740EA}.Release|x86.ActiveCfg = Release|Any CPU
		{F706761A-5D0F-4245-B43C-2944735740EA}.Release|x86.Build.0 = Release|Any CPU
	EndGlobalSection
	GlobalSection(SolutionProperties) = preSolution
		HideSolutionNode = FALSE
	EndGlobalSection
	GlobalSection(ExtensibilityGlobals) = postSolution
		SolutionGuid = {4F3E6139-0D3A-4147-948D-BF04D2D46083}
	EndGlobalSection
EndGlobal
